{
  "name": "DXC-China-pms",
  "version": "1.0.0",
  "lockfileVersion": 1,
  "requires": true,
  "dependencies": {
    "angular-froala-wysiwyg": {
      "version": "2.7.3",
      "resolved": "http://registry.npm.taobao.org/angular-froala-wysiwyg/download/angular-froala-wysiwyg-2.7.3.tgz",
      "integrity": "sha1-r6rQUyijwOB3Al09NFk6aPw3qS8=",
      "requires": {
        "@types/jquery": "2.0.48",
        "froala-editor": "2.7.3"
      },
      "dependencies": {
        "@types/jquery": {
          "version": "2.0.48",
          "resolved": "http://registry.npm.taobao.org/@types/jquery/download/@types/jquery-2.0.48.tgz",
          "integrity": "sha1-PpDYzeLSkBXlWDAX94MMs5dbLu8="
        }
      }
    },
    "froala-editor": {
      "version": "2.7.3",
      "resolved": "http://registry.npm.taobao.org/froala-editor/download/froala-editor-2.7.3.tgz",
      "integrity": "sha1-wX4cfXD3Nq/5sZsZNhQgo1Ai5bM=",
      "requires": {
        "font-awesome": "4.7.0",
        "jquery": "3.2.1"
      },
      "dependencies": {
        "font-awesome": {
          "version": "4.7.0",
          "resolved": "http://registry.npm.taobao.org/font-awesome/download/font-awesome-4.7.0.tgz",
          "integrity": "sha1-j6jPBBGhoxr9B7BtKQK7n8gVoTM="
        },
        "jquery": {
          "version": "3.2.1",
          "resolved": "http://registry.npm.taobao.org/jquery/download/jquery-3.2.1.tgz",
          "integrity": "sha1-XE2d5lKvbNCncBVKYxu6ErAVx4c="
        }
      }
    },
    "rxjs": {
      "version": "5.4.2",
      "resolved": "https://registry.npmjs.org/rxjs/-/rxjs-5.4.2.tgz",
      "integrity": "sha1-KjI2/L8D31e64G/Wly/ZnlwI/Pc=",
      "requires": {
        "symbol-observable": "1.0.4"
      }
    },
    "symbol-observable": {
      "version": "1.0.4",
      "resolved": "https://registry.npmjs.org/symbol-observable/-/symbol-observable-1.0.4.tgz",
      "integrity": "sha1-Kb9hXUqnEhvdiYsi1LP5vE4qoD0="
    }
  }
}
